
Microsoft Visual Studio Solution File, Format Version 12.00
# Visual Studio 2017
Project("{FAE04EC0-301F-11D3-BF4B-00C04F79EFBC}") = "Day24_UI_Anchor", "Day24_UI_Anchor.csproj", "{2DBC3627-BD9A-07B5-152A-8C1635D9E833}"
EndProject
Global
	GlobalSection(SolutionConfigurationPlatforms) = preSolution
		Debug|Any CPU = Debug|Any CPU
		Release|Any CPU = Release|Any CPU
	EndGlobalSection
	GlobalSection(ProjectConfigurationPlatforms) = postSolution
		{2DBC3627-BD9A-07B5-152A-8C1635D9E833}.Debug|Any CPU.ActiveCfg = Debug|Any CPU
		{2DBC3627-BD9A-07B5-152A-8C1635D9E833}.Debug|Any CPU.Build.0 = Debug|Any CPU
		{2DBC3627-BD9A-07B5-152A-8C1635D9E833}.Release|Any CPU.ActiveCfg = Release|Any CPU
		{2DBC3627-BD9A-07B5-152A-8C1635D9E833}.Release|Any CPU.Build.0 = Release|Any CPU
	EndGlobalSection
	GlobalSection(SolutionProperties) = preSolution
		HideSolutionNode = FALSE
	EndGlobalSection
EndGlobal
